
Microsoft Visual Studio Solution File, Format Version 12.00
# Visual Studio 15
VisualStudioVersion = 15.0.28307.421
MinimumVisualStudioVersion = 10.0.40219.1
Project("{FAE04EC0-301F-11D3-BF4B-00C04F79EFBC}") = "Pathfinder", "Pathfinder\Pathfinder.csproj", "{92900356-98CF-4A0B-BE46-5DD7DD3A54C1}"
EndProject
Global
	GlobalSection(SolutionConfigurationPlatforms) = preSolution
		Debug|Any CPU = Debug|Any CPU
		Release|Any CPU = Release|Any CPU
	EndGlobalSection
	GlobalSection(ProjectConfigurationPlatforms) = postSolution
		{92900356-98CF-4A0B-BE46-5DD7DD3A54C1}.Debug|Any CPU.ActiveCfg = Debug|Any CPU
		{92900356-98CF-4A0B-BE46-5DD7DD3A54C1}.Debug|Any CPU.Build.0 = Debug|Any CPU
		{92900356-98CF-4A0B-BE46-5DD7DD3A54C1}.Release|Any CPU.ActiveCfg = Release|Any CPU
		{92900356-98CF-4A0B-BE46-5DD7DD3A54C1}.Release|Any CPU.Build.0 = Release|Any CPU
	EndGlobalSection
	GlobalSection(SolutionProperties) = preSolution
		HideSolutionNode = FALSE
	EndGlobalSection
	GlobalSection(ExtensibilityGlobals) = postSolution
		SolutionGuid = {1E218454-86F7-4F7A-A3C3-2D69990C15A4}
	EndGlobalSection
EndGlobal
